
Microsoft Visual Studio Solution File, Format Version 12.00
# Visual Studio Version 17
VisualStudioVersion = 17.8.34330.188
MinimumVisualStudioVersion = 10.0.40219.1
Project("{9A19103F-16F7-4668-BE54-9A1E7A4F7556}") = "LIBRARY", "LIBRARY\LIBRARY.csproj", "{B1FBF99C-DBF0-4AEF-BEFA-0092F29596B1}"
EndProject
Project("{9A19103F-16F7-4668-BE54-9A1E7A4F7556}") = "MODELS", "MODELS\MODELS.csproj", "{91DA58B9-CBF4-45F3-A88B-BC1108E6AFFD}"
EndProject
Project("{FAE04EC0-301F-11D3-BF4B-00C04F79EFBC}") = "EventManagement2", "EventManagement2\EventManagement2.csproj", "{53F087AC-BAC8-4C70-BB92-3362D8AAB821}"
EndProject
Global
	GlobalSection(SolutionConfigurationPlatforms) = preSolution
		Debug|Any CPU = Debug|Any CPU
		Release|Any CPU = Release|Any CPU
	EndGlobalSection
	GlobalSection(ProjectConfigurationPlatforms) = postSolution
		{B1FBF99C-DBF0-4AEF-BEFA-0092F29596B1}.Debug|Any CPU.ActiveCfg = Debug|Any CPU
		{B1FBF99C-DBF0-4AEF-BEFA-0092F29596B1}.Debug|Any CPU.Build.0 = Debug|Any CPU
		{B1FBF99C-DBF0-4AEF-BEFA-0092F29596B1}.Release|Any CPU.ActiveCfg = Release|Any CPU
		{B1FBF99C-DBF0-4AEF-BEFA-0092F29596B1}.Release|Any CPU.Build.0 = Release|Any CPU
		{91DA58B9-CBF4-45F3-A88B-BC1108E6AFFD}.Debug|Any CPU.ActiveCfg = Debug|Any CPU
		{91DA58B9-CBF4-45F3-A88B-BC1108E6AFFD}.Debug|Any CPU.Build.0 = Debug|Any CPU
		{91DA58B9-CBF4-45F3-A88B-BC1108E6AFFD}.Release|Any CPU.ActiveCfg = Release|Any CPU
		{91DA58B9-CBF4-45F3-A88B-BC1108E6AFFD}.Release|Any CPU.Build.0 = Release|Any CPU
		{53F087AC-BAC8-4C70-BB92-3362D8AAB821}.Debug|Any CPU.ActiveCfg = Debug|Any CPU
		{53F087AC-BAC8-4C70-BB92-3362D8AAB821}.Debug|Any CPU.Build.0 = Debug|Any CPU
		{53F087AC-BAC8-4C70-BB92-3362D8AAB821}.Release|Any CPU.ActiveCfg = Release|Any CPU
		{53F087AC-BAC8-4C70-BB92-3362D8AAB821}.Release|Any CPU.Build.0 = Release|Any CPU
	EndGlobalSection
	GlobalSection(SolutionProperties) = preSolution
		HideSolutionNode = FALSE
	EndGlobalSection
	GlobalSection(ExtensibilityGlobals) = postSolution
		SolutionGuid = {9959BFC1-A4F2-410F-930C-DEDA78D950B7}
	EndGlobalSection
EndGlobal
